
Microsoft Visual Studio Solution File, Format Version 12.00
# Visual Studio Version 17
VisualStudioVersion = 17.3.32825.248
MinimumVisualStudioVersion = 10.0.40219.1
Project("{FAE04EC0-301F-11D3-BF4B-00C04F79EFBC}") = "MySQLWpf", "MySQLWpf.csproj", "{7F432839-896B-4850-A210-EC60C30BEE79}"
EndProject
Global
	GlobalSection(SolutionConfigurationPlatforms) = preSolution
		Debug|Any CPU = Debug|Any CPU
		Release|Any CPU = Release|Any CPU
	EndGlobalSection
	GlobalSection(ProjectConfigurationPlatforms) = postSolution
		{7F432839-896B-4850-A210-EC60C30BEE79}.Debug|Any CPU.ActiveCfg = Debug|Any CPU
		{7F432839-896B-4850-A210-EC60C30BEE79}.Debug|Any CPU.Build.0 = Debug|Any CPU
		{7F432839-896B-4850-A210-EC60C30BEE79}.Release|Any CPU.ActiveCfg = Release|Any CPU
		{7F432839-896B-4850-A210-EC60C30BEE79}.Release|Any CPU.Build.0 = Release|Any CPU
	EndGlobalSection
	GlobalSection(SolutionProperties) = preSolution
		HideSolutionNode = FALSE
	EndGlobalSection
	GlobalSection(ExtensibilityGlobals) = postSolution
		SolutionGuid = {322E8C7A-66B2-4731-9E41-DEEF5143D3BD}
	EndGlobalSection
EndGlobal
